
Microsoft Visual Studio Solution File, Format Version 12.00
# Visual Studio Version 16
VisualStudioVersion = 16.0.30204.135
MinimumVisualStudioVersion = 10.0.40219.1
Project("{FAE04EC0-301F-11D3-BF4B-00C04F79EFBC}") = "DesignCrowd.WinForm", "DesignCrowd.WinForm\DesignCrowd.WinForm.csproj", "{34DCA4B0-591E-4553-BE46-C64CF5090E86}"
EndProject
Global
	GlobalSection(SolutionConfigurationPlatforms) = preSolution
		Debug|Any CPU = Debug|Any CPU
		Release|Any CPU = Release|Any CPU
	EndGlobalSection
	GlobalSection(ProjectConfigurationPlatforms) = postSolution
		{34DCA4B0-591E-4553-BE46-C64CF5090E86}.Debug|Any CPU.ActiveCfg = Debug|Any CPU
		{34DCA4B0-591E-4553-BE46-C64CF5090E86}.Debug|Any CPU.Build.0 = Debug|Any CPU
		{34DCA4B0-591E-4553-BE46-C64CF5090E86}.Release|Any CPU.ActiveCfg = Release|Any CPU
		{34DCA4B0-591E-4553-BE46-C64CF5090E86}.Release|Any CPU.Build.0 = Release|Any CPU
	EndGlobalSection
	GlobalSection(SolutionProperties) = preSolution
		HideSolutionNode = FALSE
	EndGlobalSection
	GlobalSection(ExtensibilityGlobals) = postSolution
		SolutionGuid = {C1AA6BA3-4363-4C80-A560-9B7842BEC8C5}
	EndGlobalSection
EndGlobal
